
Microsoft Visual Studio Solution File, Format Version 12.00
# Visual Studio 15
VisualStudioVersion = 15.0.28307.1321
MinimumVisualStudioVersion = 10.0.40219.1
Project("{FAE04EC0-301F-11D3-BF4B-00C04F79EFBC}") = "WebAPI", "WebAPI\WebAPI.csproj", "{2232F9FD-85A6-4C1A-A381-4F30B444DC10}"
EndProject
Project("{FAE04EC0-301F-11D3-BF4B-00C04F79EFBC}") = "Datos", "Datos\Datos.csproj", "{EA404CAC-5A30-46C7-A7D5-2114D1F400E9}"
EndProject
Global
	GlobalSection(SolutionConfigurationPlatforms) = preSolution
		Debug|Any CPU = Debug|Any CPU
		Release|Any CPU = Release|Any CPU
	EndGlobalSection
	GlobalSection(ProjectConfigurationPlatforms) = postSolution
		{2232F9FD-85A6-4C1A-A381-4F30B444DC10}.Debug|Any CPU.ActiveCfg = Debug|Any CPU
		{2232F9FD-85A6-4C1A-A381-4F30B444DC10}.Debug|Any CPU.Build.0 = Debug|Any CPU
		{2232F9FD-85A6-4C1A-A381-4F30B444DC10}.Release|Any CPU.ActiveCfg = Release|Any CPU
		{2232F9FD-85A6-4C1A-A381-4F30B444DC10}.Release|Any CPU.Build.0 = Release|Any CPU
		{EA404CAC-5A30-46C7-A7D5-2114D1F400E9}.Debug|Any CPU.ActiveCfg = Debug|Any CPU
		{EA404CAC-5A30-46C7-A7D5-2114D1F400E9}.Debug|Any CPU.Build.0 = Debug|Any CPU
		{EA404CAC-5A30-46C7-A7D5-2114D1F400E9}.Release|Any CPU.ActiveCfg = Release|Any CPU
		{EA404CAC-5A30-46C7-A7D5-2114D1F400E9}.Release|Any CPU.Build.0 = Release|Any CPU
	EndGlobalSection
	GlobalSection(SolutionProperties) = preSolution
		HideSolutionNode = FALSE
	EndGlobalSection
	GlobalSection(ExtensibilityGlobals) = postSolution
		SolutionGuid = {52C8026E-61F7-4307-AC3E-F6CC11B1ED08}
	EndGlobalSection
EndGlobal
